
Microsoft Visual Studio Solution File, Format Version 12.00
# Visual Studio Version 16
VisualStudioVersion = 16.0.31515.178
MinimumVisualStudioVersion = 10.0.40219.1
Project("{9A19103F-16F7-4668-BE54-9A1E7A4F7556}") = "CampIntro", "CampIntro\CampIntro.csproj", "{8E3D0149-C514-478A-AE2B-7CA1EC42CEB4}"
EndProject
Project("{9A19103F-16F7-4668-BE54-9A1E7A4F7556}") = "Donguler", "Donguler\Donguler.csproj", "{FDB47681-13C8-4047-B29C-6E2EDB971AFD}"
EndProject
Project("{9A19103F-16F7-4668-BE54-9A1E7A4F7556}") = "ClassIntro", "ClassIntro\ClassIntro.csproj", "{8067A32D-D809-4DB5-977D-5BBED0F2F8A8}"
EndProject
Project("{FAE04EC0-301F-11D3-BF4B-00C04F79EFBC}") = "Metotlar", "Metotlar\Metotlar.csproj", "{25BC21DF-5317-42AA-83CB-7CBA9D0CC6B4}"
EndProject
Project("{FAE04EC0-301F-11D3-BF4B-00C04F79EFBC}") = "Math", "Math\Math.csproj", "{858564F6-7DC4-4D8A-8017-31E769325A46}"
EndProject
Project("{FAE04EC0-301F-11D3-BF4B-00C04F79EFBC}") = "DegerVeReferansTipler", "DegerVeReferansTipler\DegerVeReferansTipler.csproj", "{BFC8CDD7-DCDA-462D-99E8-96D48F7B6148}"
EndProject
Project("{FAE04EC0-301F-11D3-BF4B-00C04F79EFBC}") = "ClassMetotDemo", "ClassMetotDemo\ClassMetotDemo.csproj", "{2E2F6B36-6436-420B-A6CA-490432377990}"
EndProject
Global
	GlobalSection(SolutionConfigurationPlatforms) = preSolution
		Debug|Any CPU = Debug|Any CPU
		Release|Any CPU = Release|Any CPU
	EndGlobalSection
	GlobalSection(ProjectConfigurationPlatforms) = postSolution
		{8E3D0149-C514-478A-AE2B-7CA1EC42CEB4}.Debug|Any CPU.ActiveCfg = Debug|Any CPU
		{8E3D0149-C514-478A-AE2B-7CA1EC42CEB4}.Debug|Any CPU.Build.0 = Debug|Any CPU
		{8E3D0149-C514-478A-AE2B-7CA1EC42CEB4}.Release|Any CPU.ActiveCfg = Release|Any CPU
		{8E3D0149-C514-478A-AE2B-7CA1EC42CEB4}.Release|Any CPU.Build.0 = Release|Any CPU
		{FDB47681-13C8-4047-B29C-6E2EDB971AFD}.Debug|Any CPU.ActiveCfg = Debug|Any CPU
		{FDB47681-13C8-4047-B29C-6E2EDB971AFD}.Debug|Any CPU.Build.0 = Debug|Any CPU
		{FDB47681-13C8-4047-B29C-6E2EDB971AFD}.Release|Any CPU.ActiveCfg = Release|Any CPU
		{FDB47681-13C8-4047-B29C-6E2EDB971AFD}.Release|Any CPU.Build.0 = Release|Any CPU
		{8067A32D-D809-4DB5-977D-5BBED0F2F8A8}.Debug|Any CPU.ActiveCfg = Debug|Any CPU
		{8067A32D-D809-4DB5-977D-5BBED0F2F8A8}.Debug|Any CPU.Build.0 = Debug|Any CPU
		{8067A32D-D809-4DB5-977D-5BBED0F2F8A8}.Release|Any CPU.ActiveCfg = Release|Any CPU
		{8067A32D-D809-4DB5-977D-5BBED0F2F8A8}.Release|Any CPU.Build.0 = Release|Any CPU
		{25BC21DF-5317-42AA-83CB-7CBA9D0CC6B4}.Debug|Any CPU.ActiveCfg = Debug|Any CPU
		{25BC21DF-5317-42AA-83CB-7CBA9D0CC6B4}.Debug|Any CPU.Build.0 = Debug|Any CPU
		{25BC21DF-5317-42AA-83CB-7CBA9D0CC6B4}.Release|Any CPU.ActiveCfg = Release|Any CPU
		{25BC21DF-5317-42AA-83CB-7CBA9D0CC6B4}.Release|Any CPU.Build.0 = Release|Any CPU
		{858564F6-7DC4-4D8A-8017-31E769325A46}.Debug|Any CPU.ActiveCfg = Debug|Any CPU
		{858564F6-7DC4-4D8A-8017-31E769325A46}.Debug|Any CPU.Build.0 = Debug|Any CPU
		{858564F6-7DC4-4D8A-8017-31E769325A46}.Release|Any CPU.ActiveCfg = Release|Any CPU
		{858564F6-7DC4-4D8A-8017-31E769325A46}.Release|Any CPU.Build.0 = Release|Any CPU
		{BFC8CDD7-DCDA-462D-99E8-96D48F7B6148}.Debug|Any CPU.ActiveCfg = Debug|Any CPU
		{BFC8CDD7-DCDA-462D-99E8-96D48F7B6148}.Debug|Any CPU.Build.0 = Debug|Any CPU
		{BFC8CDD7-DCDA-462D-99E8-96D48F7B6148}.Release|Any CPU.ActiveCfg = Release|Any CPU
		{BFC8CDD7-DCDA-462D-99E8-96D48F7B6148}.Release|Any CPU.Build.0 = Release|Any CPU
		{2E2F6B36-6436-420B-A6CA-490432377990}.Debug|Any CPU.ActiveCfg = Debug|Any CPU
		{2E2F6B36-6436-420B-A6CA-490432377990}.Debug|Any CPU.Build.0 = Debug|Any CPU
		{2E2F6B36-6436-420B-A6CA-490432377990}.Release|Any CPU.ActiveCfg = Release|Any CPU
		{2E2F6B36-6436-420B-A6CA-490432377990}.Release|Any CPU.Build.0 = Release|Any CPU
	EndGlobalSection
	GlobalSection(SolutionProperties) = preSolution
		HideSolutionNode = FALSE
	EndGlobalSection
	GlobalSection(ExtensibilityGlobals) = postSolution
		SolutionGuid = {F1DE4B1F-0B2C-4AD6-9A1E-1A5C8FA9A57A}
	EndGlobalSection
EndGlobal
